
Microsoft Visual Studio Solution File, Format Version 12.00
# Visual Studio Version 17
VisualStudioVersion = 17.9.34701.34
MinimumVisualStudioVersion = 10.0.40219.1
Project("{FAE04EC0-301F-11D3-BF4B-00C04F79EFBC}") = "QueueImplementation", "QueueImplementation\QueueImplementation.csproj", "{4A8E4F24-90DF-4954-BF17-9F0FF729D4FB}"
EndProject
Global
	GlobalSection(SolutionConfigurationPlatforms) = preSolution
		Debug|Any CPU = Debug|Any CPU
		Release|Any CPU = Release|Any CPU
	EndGlobalSection
	GlobalSection(ProjectConfigurationPlatforms) = postSolution
		{4A8E4F24-90DF-4954-BF17-9F0FF729D4FB}.Debug|Any CPU.ActiveCfg = Debug|Any CPU
		{4A8E4F24-90DF-4954-BF17-9F0FF729D4FB}.Debug|Any CPU.Build.0 = Debug|Any CPU
		{4A8E4F24-90DF-4954-BF17-9F0FF729D4FB}.Release|Any CPU.ActiveCfg = Release|Any CPU
		{4A8E4F24-90DF-4954-BF17-9F0FF729D4FB}.Release|Any CPU.Build.0 = Release|Any CPU
	EndGlobalSection
	GlobalSection(SolutionProperties) = preSolution
		HideSolutionNode = FALSE
	EndGlobalSection
	GlobalSection(ExtensibilityGlobals) = postSolution
		SolutionGuid = {97CB6E6B-2E5D-40E8-BFD4-F5017DC251C6}
	EndGlobalSection
EndGlobal
