
Microsoft Visual Studio Solution File, Format Version 12.00
# Visual Studio Version 17
VisualStudioVersion = 17.9.34701.34
MinimumVisualStudioVersion = 10.0.40219.1
Project("{FAE04EC0-301F-11D3-BF4B-00C04F79EFBC}") = "Move Zeroes", "Move Zeroes\Move Zeroes.csproj", "{3A3558E5-583E-4D70-AC5F-9CB2DCAC9E41}"
EndProject
Global
	GlobalSection(SolutionConfigurationPlatforms) = preSolution
		Debug|Any CPU = Debug|Any CPU
		Release|Any CPU = Release|Any CPU
	EndGlobalSection
	GlobalSection(ProjectConfigurationPlatforms) = postSolution
		{3A3558E5-583E-4D70-AC5F-9CB2DCAC9E41}.Debug|Any CPU.ActiveCfg = Debug|Any CPU
		{3A3558E5-583E-4D70-AC5F-9CB2DCAC9E41}.Debug|Any CPU.Build.0 = Debug|Any CPU
		{3A3558E5-583E-4D70-AC5F-9CB2DCAC9E41}.Release|Any CPU.ActiveCfg = Release|Any CPU
		{3A3558E5-583E-4D70-AC5F-9CB2DCAC9E41}.Release|Any CPU.Build.0 = Release|Any CPU
	EndGlobalSection
	GlobalSection(SolutionProperties) = preSolution
		HideSolutionNode = FALSE
	EndGlobalSection
	GlobalSection(ExtensibilityGlobals) = postSolution
		SolutionGuid = {C6FAEE54-B2A0-452F-801A-04BDAF333656}
	EndGlobalSection
EndGlobal
