
Microsoft Visual Studio Solution File, Format Version 12.00
# Visual Studio Version 17
VisualStudioVersion = 17.9.34701.34
MinimumVisualStudioVersion = 10.0.40219.1
Project("{FAE04EC0-301F-11D3-BF4B-00C04F79EFBC}") = "ValidSudoku", "ValidSudoku\ValidSudoku.csproj", "{D462FCBB-7FBD-4AA0-AC57-08884F37F4B7}"
EndProject
Global
	GlobalSection(SolutionConfigurationPlatforms) = preSolution
		Debug|Any CPU = Debug|Any CPU
		Release|Any CPU = Release|Any CPU
	EndGlobalSection
	GlobalSection(ProjectConfigurationPlatforms) = postSolution
		{D462FCBB-7FBD-4AA0-AC57-08884F37F4B7}.Debug|Any CPU.ActiveCfg = Debug|Any CPU
		{D462FCBB-7FBD-4AA0-AC57-08884F37F4B7}.Debug|Any CPU.Build.0 = Debug|Any CPU
		{D462FCBB-7FBD-4AA0-AC57-08884F37F4B7}.Release|Any CPU.ActiveCfg = Release|Any CPU
		{D462FCBB-7FBD-4AA0-AC57-08884F37F4B7}.Release|Any CPU.Build.0 = Release|Any CPU
	EndGlobalSection
	GlobalSection(SolutionProperties) = preSolution
		HideSolutionNode = FALSE
	EndGlobalSection
	GlobalSection(ExtensibilityGlobals) = postSolution
		SolutionGuid = {FFFF3AF2-CB72-442F-909E-C2A209C410A3}
	EndGlobalSection
EndGlobal
