
Microsoft Visual Studio Solution File, Format Version 12.00
# Visual Studio Version 17
VisualStudioVersion = 17.9.34701.34
MinimumVisualStudioVersion = 10.0.40219.1
Project("{FAE04EC0-301F-11D3-BF4B-00C04F79EFBC}") = "GradingStudents", "GradingStudents\GradingStudents.csproj", "{60EFC3C8-D2F1-4426-97D8-507BB7809905}"
EndProject
Global
	GlobalSection(SolutionConfigurationPlatforms) = preSolution
		Debug|Any CPU = Debug|Any CPU
		Release|Any CPU = Release|Any CPU
	EndGlobalSection
	GlobalSection(ProjectConfigurationPlatforms) = postSolution
		{60EFC3C8-D2F1-4426-97D8-507BB7809905}.Debug|Any CPU.ActiveCfg = Debug|Any CPU
		{60EFC3C8-D2F1-4426-97D8-507BB7809905}.Debug|Any CPU.Build.0 = Debug|Any CPU
		{60EFC3C8-D2F1-4426-97D8-507BB7809905}.Release|Any CPU.ActiveCfg = Release|Any CPU
		{60EFC3C8-D2F1-4426-97D8-507BB7809905}.Release|Any CPU.Build.0 = Release|Any CPU
	EndGlobalSection
	GlobalSection(SolutionProperties) = preSolution
		HideSolutionNode = FALSE
	EndGlobalSection
	GlobalSection(ExtensibilityGlobals) = postSolution
		SolutionGuid = {3F2E55D3-E8EA-4647-9A87-C0F2CBCD63F0}
	EndGlobalSection
EndGlobal
