
Microsoft Visual Studio Solution File, Format Version 12.00
# Visual Studio Version 17
VisualStudioVersion = 17.9.34701.34
MinimumVisualStudioVersion = 10.0.40219.1
Project("{FAE04EC0-301F-11D3-BF4B-00C04F79EFBC}") = "Contains Duplicate", "Contains Duplicate\Contains Duplicate.csproj", "{C2C3A053-2489-4970-8B2C-B4C34D4C473B}"
EndProject
Global
	GlobalSection(SolutionConfigurationPlatforms) = preSolution
		Debug|Any CPU = Debug|Any CPU
		Release|Any CPU = Release|Any CPU
	EndGlobalSection
	GlobalSection(ProjectConfigurationPlatforms) = postSolution
		{C2C3A053-2489-4970-8B2C-B4C34D4C473B}.Debug|Any CPU.ActiveCfg = Debug|Any CPU
		{C2C3A053-2489-4970-8B2C-B4C34D4C473B}.Debug|Any CPU.Build.0 = Debug|Any CPU
		{C2C3A053-2489-4970-8B2C-B4C34D4C473B}.Release|Any CPU.ActiveCfg = Release|Any CPU
		{C2C3A053-2489-4970-8B2C-B4C34D4C473B}.Release|Any CPU.Build.0 = Release|Any CPU
	EndGlobalSection
	GlobalSection(SolutionProperties) = preSolution
		HideSolutionNode = FALSE
	EndGlobalSection
	GlobalSection(ExtensibilityGlobals) = postSolution
		SolutionGuid = {2A88412F-4A6C-499D-855F-B64B4D5AFBDD}
	EndGlobalSection
EndGlobal
