
Microsoft Visual Studio Solution File, Format Version 12.00
# Visual Studio Version 17
VisualStudioVersion = 17.9.34701.34
MinimumVisualStudioVersion = 10.0.40219.1
Project("{FAE04EC0-301F-11D3-BF4B-00C04F79EFBC}") = "TimeConversion", "TimeConversion\TimeConversion.csproj", "{2CDF0AC7-780F-435F-8FFA-96111FF7ED68}"
EndProject
Global
	GlobalSection(SolutionConfigurationPlatforms) = preSolution
		Debug|Any CPU = Debug|Any CPU
		Release|Any CPU = Release|Any CPU
	EndGlobalSection
	GlobalSection(ProjectConfigurationPlatforms) = postSolution
		{2CDF0AC7-780F-435F-8FFA-96111FF7ED68}.Debug|Any CPU.ActiveCfg = Debug|Any CPU
		{2CDF0AC7-780F-435F-8FFA-96111FF7ED68}.Debug|Any CPU.Build.0 = Debug|Any CPU
		{2CDF0AC7-780F-435F-8FFA-96111FF7ED68}.Release|Any CPU.ActiveCfg = Release|Any CPU
		{2CDF0AC7-780F-435F-8FFA-96111FF7ED68}.Release|Any CPU.Build.0 = Release|Any CPU
	EndGlobalSection
	GlobalSection(SolutionProperties) = preSolution
		HideSolutionNode = FALSE
	EndGlobalSection
	GlobalSection(ExtensibilityGlobals) = postSolution
		SolutionGuid = {54D400FB-4383-43D9-9EFE-A3F8BD13C664}
	EndGlobalSection
EndGlobal
