
Microsoft Visual Studio Solution File, Format Version 12.00
# Visual Studio Version 17
VisualStudioVersion = 17.9.34701.34
MinimumVisualStudioVersion = 10.0.40219.1
Project("{FAE04EC0-301F-11D3-BF4B-00C04F79EFBC}") = "1WeekPreperationKit-Time Conversion", "1WeekPreperationKit-Time Conversion\1WeekPreperationKit-Time Conversion.csproj", "{71FBE79E-9F32-43AC-9D0A-5949DD6D840C}"
EndProject
Global
	GlobalSection(SolutionConfigurationPlatforms) = preSolution
		Debug|Any CPU = Debug|Any CPU
		Release|Any CPU = Release|Any CPU
	EndGlobalSection
	GlobalSection(ProjectConfigurationPlatforms) = postSolution
		{71FBE79E-9F32-43AC-9D0A-5949DD6D840C}.Debug|Any CPU.ActiveCfg = Debug|Any CPU
		{71FBE79E-9F32-43AC-9D0A-5949DD6D840C}.Debug|Any CPU.Build.0 = Debug|Any CPU
		{71FBE79E-9F32-43AC-9D0A-5949DD6D840C}.Release|Any CPU.ActiveCfg = Release|Any CPU
		{71FBE79E-9F32-43AC-9D0A-5949DD6D840C}.Release|Any CPU.Build.0 = Release|Any CPU
	EndGlobalSection
	GlobalSection(SolutionProperties) = preSolution
		HideSolutionNode = FALSE
	EndGlobalSection
	GlobalSection(ExtensibilityGlobals) = postSolution
		SolutionGuid = {59E21176-D2D2-41D0-BAB8-0BE9EDA38B0D}
	EndGlobalSection
EndGlobal
