
Microsoft Visual Studio Solution File, Format Version 12.00
# Visual Studio Version 17
VisualStudioVersion = 17.9.34701.34
MinimumVisualStudioVersion = 10.0.40219.1
Project("{FAE04EC0-301F-11D3-BF4B-00C04F79EFBC}") = "LongestSubstringWithoutRepeatingCharachters-Leetcode", "LongestSubstringWithoutRepeatingCharachters-Leetcode\LongestSubstringWithoutRepeatingCharachters-Leetcode.csproj", "{C0BEA70B-C961-4864-A1F5-A35E3703935C}"
EndProject
Global
	GlobalSection(SolutionConfigurationPlatforms) = preSolution
		Debug|Any CPU = Debug|Any CPU
		Release|Any CPU = Release|Any CPU
	EndGlobalSection
	GlobalSection(ProjectConfigurationPlatforms) = postSolution
		{C0BEA70B-C961-4864-A1F5-A35E3703935C}.Debug|Any CPU.ActiveCfg = Debug|Any CPU
		{C0BEA70B-C961-4864-A1F5-A35E3703935C}.Debug|Any CPU.Build.0 = Debug|Any CPU
		{C0BEA70B-C961-4864-A1F5-A35E3703935C}.Release|Any CPU.ActiveCfg = Release|Any CPU
		{C0BEA70B-C961-4864-A1F5-A35E3703935C}.Release|Any CPU.Build.0 = Release|Any CPU
	EndGlobalSection
	GlobalSection(SolutionProperties) = preSolution
		HideSolutionNode = FALSE
	EndGlobalSection
	GlobalSection(ExtensibilityGlobals) = postSolution
		SolutionGuid = {06B3DBBF-789E-4589-8432-C3FBFEFB2C41}
	EndGlobalSection
EndGlobal
