
Microsoft Visual Studio Solution File, Format Version 12.00
# Visual Studio Version 17
VisualStudioVersion = 17.9.34701.34
MinimumVisualStudioVersion = 10.0.40219.1
Project("{FAE04EC0-301F-11D3-BF4B-00C04F79EFBC}") = "LongestRepeatingCharachterReplacement", "LongestRepeatingCharachterReplacement\LongestRepeatingCharachterReplacement.csproj", "{97CE7C20-A4C5-4B0A-92D9-00D7E2562D40}"
EndProject
Global
	GlobalSection(SolutionConfigurationPlatforms) = preSolution
		Debug|Any CPU = Debug|Any CPU
		Release|Any CPU = Release|Any CPU
	EndGlobalSection
	GlobalSection(ProjectConfigurationPlatforms) = postSolution
		{97CE7C20-A4C5-4B0A-92D9-00D7E2562D40}.Debug|Any CPU.ActiveCfg = Debug|Any CPU
		{97CE7C20-A4C5-4B0A-92D9-00D7E2562D40}.Debug|Any CPU.Build.0 = Debug|Any CPU
		{97CE7C20-A4C5-4B0A-92D9-00D7E2562D40}.Release|Any CPU.ActiveCfg = Release|Any CPU
		{97CE7C20-A4C5-4B0A-92D9-00D7E2562D40}.Release|Any CPU.Build.0 = Release|Any CPU
	EndGlobalSection
	GlobalSection(SolutionProperties) = preSolution
		HideSolutionNode = FALSE
	EndGlobalSection
	GlobalSection(ExtensibilityGlobals) = postSolution
		SolutionGuid = {61CE3591-13B8-4EEA-B7B4-D2396F9C62D8}
	EndGlobalSection
EndGlobal
